
Microsoft Visual Studio Solution File, Format Version 12.00
# Visual Studio Version 17
VisualStudioVersion = 17.12.35707.178
MinimumVisualStudioVersion = 10.0.40219.1
Project("{FAE04EC0-301F-11D3-BF4B-00C04F79EFBC}") = "MovieWorld.Api", "MovieWorld.Api\MovieWorld.Api.csproj", "{69BCA8E7-9EC5-4D6E-AD04-838551811C6E}"
EndProject
Project("{FAE04EC0-301F-11D3-BF4B-00C04F79EFBC}") = "MovieWorld.Infra", "MovieWorld.Infra\MovieWorld.Infra.csproj", "{C1E7A578-30D3-4AFD-8771-06F976A20F80}"
EndProject
Project("{FAE04EC0-301F-11D3-BF4B-00C04F79EFBC}") = "MovieWorld.Service", "MovieWorld.Service\MovieWorld.Service.csproj", "{B15D1E3F-0200-4E65-9BA4-C1418177EBD3}"
EndProject
Project("{FAE04EC0-301F-11D3-BF4B-00C04F79EFBC}") = "MovieWorld.Test", "MovieWorld.Test\MovieWorld.Test.csproj", "{404FF3AF-BB60-4BE8-95F2-7C250E088A5A}"
EndProject
Global
	GlobalSection(SolutionConfigurationPlatforms) = preSolution
		Debug|Any CPU = Debug|Any CPU
		Release|Any CPU = Release|Any CPU
	EndGlobalSection
	GlobalSection(ProjectConfigurationPlatforms) = postSolution
		{69BCA8E7-9EC5-4D6E-AD04-838551811C6E}.Debug|Any CPU.ActiveCfg = Debug|Any CPU
		{69BCA8E7-9EC5-4D6E-AD04-838551811C6E}.Debug|Any CPU.Build.0 = Debug|Any CPU
		{69BCA8E7-9EC5-4D6E-AD04-838551811C6E}.Release|Any CPU.ActiveCfg = Release|Any CPU
		{69BCA8E7-9EC5-4D6E-AD04-838551811C6E}.Release|Any CPU.Build.0 = Release|Any CPU
		{C1E7A578-30D3-4AFD-8771-06F976A20F80}.Debug|Any CPU.ActiveCfg = Debug|Any CPU
		{C1E7A578-30D3-4AFD-8771-06F976A20F80}.Debug|Any CPU.Build.0 = Debug|Any CPU
		{C1E7A578-30D3-4AFD-8771-06F976A20F80}.Release|Any CPU.ActiveCfg = Release|Any CPU
		{C1E7A578-30D3-4AFD-8771-06F976A20F80}.Release|Any CPU.Build.0 = Release|Any CPU
		{B15D1E3F-0200-4E65-9BA4-C1418177EBD3}.Debug|Any CPU.ActiveCfg = Debug|Any CPU
		{B15D1E3F-0200-4E65-9BA4-C1418177EBD3}.Debug|Any CPU.Build.0 = Debug|Any CPU
		{B15D1E3F-0200-4E65-9BA4-C1418177EBD3}.Release|Any CPU.ActiveCfg = Release|Any CPU
		{B15D1E3F-0200-4E65-9BA4-C1418177EBD3}.Release|Any CPU.Build.0 = Release|Any CPU
		{404FF3AF-BB60-4BE8-95F2-7C250E088A5A}.Debug|Any CPU.ActiveCfg = Debug|Any CPU
		{404FF3AF-BB60-4BE8-95F2-7C250E088A5A}.Debug|Any CPU.Build.0 = Debug|Any CPU
		{404FF3AF-BB60-4BE8-95F2-7C250E088A5A}.Release|Any CPU.ActiveCfg = Release|Any CPU
		{404FF3AF-BB60-4BE8-95F2-7C250E088A5A}.Release|Any CPU.Build.0 = Release|Any CPU
	EndGlobalSection
	GlobalSection(SolutionProperties) = preSolution
		HideSolutionNode = FALSE
	EndGlobalSection
EndGlobal
